// !$*UTF8*$!
{
	archiveVersion = 1;
	classes = {
	};
	objectVersion = 46;
	objects = {

/* Begin PBXBuildFile section */
		686C5A9C191BAB2400440A9E /* Parse+Bolts.m in Sources */ = {isa = PBXBuildFile; fileRef = 686C5A9B191BAB2400440A9E /* Parse+Bolts.m */; };
		686C5A9D191BAB2400440A9E /* Parse+Bolts.m in Sources */ = {isa = PBXBuildFile; fileRef = 686C5A9B191BAB2400440A9E /* Parse+Bolts.m */; };
		688FF085191A812C00A37025 /* Bolts.framework in Frameworks */ = {isa = PBXBuildFile; fileRef = 688FF084191A812C00A37025 /* Bolts.framework */; };
		688FF086191A812C00A37025 /* Bolts.framework in Frameworks */ = {isa = PBXBuildFile; fileRef = 688FF084191A812C00A37025 /* Bolts.framework */; };
		7F085FD4190FDE0F00E651D6 /* ParseTestCompoundUpdateThenUpload.m in Sources */ = {isa = PBXBuildFile; fileRef = 7F085FD3190FDE0F00E651D6 /* ParseTestCompoundUpdateThenUpload.m */; };
		7F085FD6190FDE2000E651D6 /* ParseTestCompoundUpdateThenDownload.m in Sources */ = {isa = PBXBuildFile; fileRef = 7F085FD5190FDE2000E651D6 /* ParseTestCompoundUpdateThenDownload.m */; };
		7F085FD8190FDE3B00E651D6 /* ParseTestUploadDownloadNoConflict.m in Sources */ = {isa = PBXBuildFile; fileRef = 7F085FD7190FDE3B00E651D6 /* ParseTestUploadDownloadNoConflict.m */; };
		7F085FDA190FDE4A00E651D6 /* ParseTestConflictDirect.m in Sources */ = {isa = PBXBuildFile; fileRef = 7F085FD9190FDE4A00E651D6 /* ParseTestConflictDirect.m */; };
		7F54650F190E182700952AB2 /* TKDB.m in Sources */ = {isa = PBXBuildFile; fileRef = 7F5464FC190E182700952AB2 /* TKDB.m */; };
		7F546510190E182700952AB2 /* TKDB.m in Sources */ = {isa = PBXBuildFile; fileRef = 7F5464FC190E182700952AB2 /* TKDB.m */; };
		7F546511190E182700952AB2 /* TKServerObjectHelper.m in Sources */ = {isa = PBXBuildFile; fileRef = 7F5464FE190E182700952AB2 /* TKServerObjectHelper.m */; };
		7F546512190E182700952AB2 /* TKServerObjectHelper.m in Sources */ = {isa = PBXBuildFile; fileRef = 7F5464FE190E182700952AB2 /* TKServerObjectHelper.m */; };
		7F546513190E182700952AB2 /* TKServerObject.m in Sources */ = {isa = PBXBuildFile; fileRef = 7F546500190E182700952AB2 /* TKServerObject.m */; };
		7F546514190E182700952AB2 /* TKServerObject.m in Sources */ = {isa = PBXBuildFile; fileRef = 7F546500190E182700952AB2 /* TKServerObject.m */; };
		7F546515190E182700952AB2 /* TKParseServerSyncManager.m in Sources */ = {isa = PBXBuildFile; fileRef = 7F546502190E182700952AB2 /* TKParseServerSyncManager.m */; };
		7F546516190E182700952AB2 /* TKParseServerSyncManager.m in Sources */ = {isa = PBXBuildFile; fileRef = 7F546502190E182700952AB2 /* TKParseServerSyncManager.m */; };
		7F546517190E182700952AB2 /* TKServerSyncManager.m in Sources */ = {isa = PBXBuildFile; fileRef = 7F546504190E182700952AB2 /* TKServerSyncManager.m */; };
		7F546518190E182700952AB2 /* TKServerSyncManager.m in Sources */ = {isa = PBXBuildFile; fileRef = 7F546504190E182700952AB2 /* TKServerSyncManager.m */; };
		7F546519190E182700952AB2 /* TKDBCacheEntry.m in Sources */ = {isa = PBXBuildFile; fileRef = 7F546506190E182700952AB2 /* TKDBCacheEntry.m */; };
		7F54651A190E182700952AB2 /* TKDBCacheEntry.m in Sources */ = {isa = PBXBuildFile; fileRef = 7F546506190E182700952AB2 /* TKDBCacheEntry.m */; };
		7F54651B190E182700952AB2 /* NSEntityDescription+ObjectID.m in Sources */ = {isa = PBXBuildFile; fileRef = 7F546508190E182700952AB2 /* NSEntityDescription+ObjectID.m */; };
		7F54651C190E182700952AB2 /* NSEntityDescription+ObjectID.m in Sources */ = {isa = PBXBuildFile; fileRef = 7F546508190E182700952AB2 /* NSEntityDescription+ObjectID.m */; };
		7F54651D190E182700952AB2 /* NSManagedObject+Sync.m in Sources */ = {isa = PBXBuildFile; fileRef = 7F54650A190E182700952AB2 /* NSManagedObject+Sync.m */; };
		7F54651E190E182700952AB2 /* NSManagedObject+Sync.m in Sources */ = {isa = PBXBuildFile; fileRef = 7F54650A190E182700952AB2 /* NSManagedObject+Sync.m */; };
		7F54651F190E182700952AB2 /* NSManagedObjectContext+Sync.m in Sources */ = {isa = PBXBuildFile; fileRef = 7F54650C190E182700952AB2 /* NSManagedObjectContext+Sync.m */; };
		7F546520190E182700952AB2 /* NSManagedObjectContext+Sync.m in Sources */ = {isa = PBXBuildFile; fileRef = 7F54650C190E182700952AB2 /* NSManagedObjectContext+Sync.m */; };
		7F546521190E182700952AB2 /* TKDBCacheManager.m in Sources */ = {isa = PBXBuildFile; fileRef = 7F54650E190E182700952AB2 /* TKDBCacheManager.m */; };
		7F546522190E182700952AB2 /* TKDBCacheManager.m in Sources */ = {isa = PBXBuildFile; fileRef = 7F54650E190E182700952AB2 /* TKDBCacheManager.m */; };
		7F546523190E184800952AB2 /* XCTest.framework in Frameworks */ = {isa = PBXBuildFile; fileRef = 7FD4FE8918F22F1B00F2D17A /* XCTest.framework */; };
		7F54652D190E184800952AB2 /* MobileCoreServices.framework in Frameworks */ = {isa = PBXBuildFile; fileRef = 7F546524190E184800952AB2 /* MobileCoreServices.framework */; };
		7F54652E190E184800952AB2 /* Security.framework in Frameworks */ = {isa = PBXBuildFile; fileRef = 7F546525190E184800952AB2 /* Security.framework */; };
		7F54652F190E184800952AB2 /* SystemConfiguration.framework in Frameworks */ = {isa = PBXBuildFile; fileRef = 7F546526190E184800952AB2 /* SystemConfiguration.framework */; };
		7F546530190E184800952AB2 /* CFNetwork.framework in Frameworks */ = {isa = PBXBuildFile; fileRef = 7F546527190E184800952AB2 /* CFNetwork.framework */; };
		7F546531190E184800952AB2 /* Parse.framework in Frameworks */ = {isa = PBXBuildFile; fileRef = 7F546528190E184800952AB2 /* Parse.framework */; };
		7F546533190E184800952AB2 /* CoreGraphics.framework in Frameworks */ = {isa = PBXBuildFile; fileRef = 7F54652A190E184800952AB2 /* CoreGraphics.framework */; };
		7F546534190E184800952AB2 /* UIKit.framework in Frameworks */ = {isa = PBXBuildFile; fileRef = 7F54652B190E184800952AB2 /* UIKit.framework */; };
		7F546535190E184800952AB2 /* CoreData.framework in Frameworks */ = {isa = PBXBuildFile; fileRef = 7F54652C190E184800952AB2 /* CoreData.framework */; };
		7F546536190E186300952AB2 /* MobileCoreServices.framework in Frameworks */ = {isa = PBXBuildFile; fileRef = 7F546524190E184800952AB2 /* MobileCoreServices.framework */; };
		7F546537190E186300952AB2 /* Security.framework in Frameworks */ = {isa = PBXBuildFile; fileRef = 7F546525190E184800952AB2 /* Security.framework */; };
		7F546538190E186300952AB2 /* SystemConfiguration.framework in Frameworks */ = {isa = PBXBuildFile; fileRef = 7F546526190E184800952AB2 /* SystemConfiguration.framework */; };
		7F546539190E186300952AB2 /* CFNetwork.framework in Frameworks */ = {isa = PBXBuildFile; fileRef = 7F546527190E184800952AB2 /* CFNetwork.framework */; };
		7F54653A190E186300952AB2 /* Parse.framework in Frameworks */ = {isa = PBXBuildFile; fileRef = 7F546528190E184800952AB2 /* Parse.framework */; };
		7F54653B190E186300952AB2 /* CoreData.framework in Frameworks */ = {isa = PBXBuildFile; fileRef = 7F54652C190E184800952AB2 /* CoreData.framework */; };
		7F822182190FBD3B007D2DA8 /* ParseTestUpdateThenDownload.m in Sources */ = {isa = PBXBuildFile; fileRef = 7F822181190FBD3B007D2DA8 /* ParseTestUpdateThenDownload.m */; };
		7F9CD6DD19149E62003EC988 /* Attendance.m in Sources */ = {isa = PBXBuildFile; fileRef = 7F9CD6DC19149E62003EC988 /* Attendance.m */; };
		7F9CD6E019149E63003EC988 /* AttendanceType.m in Sources */ = {isa = PBXBuildFile; fileRef = 7F9CD6DF19149E63003EC988 /* AttendanceType.m */; };
		7F9CD6E319149E63003EC988 /* Classroom.m in Sources */ = {isa = PBXBuildFile; fileRef = 7F9CD6E219149E63003EC988 /* Classroom.m */; };
		7F9CD6E619149E63003EC988 /* Student.m in Sources */ = {isa = PBXBuildFile; fileRef = 7F9CD6E519149E63003EC988 /* Student.m */; };
		7FD4FE7C18F22F1B00F2D17A /* Foundation.framework in Frameworks */ = {isa = PBXBuildFile; fileRef = 7FD4FE7B18F22F1B00F2D17A /* Foundation.framework */; };
		7FD4FE8A18F22F1B00F2D17A /* XCTest.framework in Frameworks */ = {isa = PBXBuildFile; fileRef = 7FD4FE8918F22F1B00F2D17A /* XCTest.framework */; };
		7FD4FE8B18F22F1B00F2D17A /* Foundation.framework in Frameworks */ = {isa = PBXBuildFile; fileRef = 7FD4FE7B18F22F1B00F2D17A /* Foundation.framework */; };
		7FD4FE8D18F22F1B00F2D17A /* UIKit.framework in Frameworks */ = {isa = PBXBuildFile; fileRef = 7FD4FE8C18F22F1B00F2D17A /* UIKit.framework */; };
		7FD4FE9018F22F1B00F2D17A /* libParseSync.a in Frameworks */ = {isa = PBXBuildFile; fileRef = 7FD4FE7818F22F1B00F2D17A /* libParseSync.a */; };
		7FD4FE9618F22F1B00F2D17A /* InfoPlist.strings in Resources */ = {isa = PBXBuildFile; fileRef = 7FD4FE9418F22F1B00F2D17A /* InfoPlist.strings */; };
		7FD4FEA218F2301200F2D17A /* Parse.framework in Frameworks */ = {isa = PBXBuildFile; fileRef = 7FD4FEA118F2301200F2D17A /* Parse.framework */; };
		7FE649CE190E1B5F00AF74B8 /* ParseSyncTest.xcdatamodeld in Sources */ = {isa = PBXBuildFile; fileRef = 7FE649CC190E1B5F00AF74B8 /* ParseSyncTest.xcdatamodeld */; };
		7FE649D3190E1E0900AF74B8 /* ParseTestInsertThenUpload.m in Sources */ = {isa = PBXBuildFile; fileRef = 7FE649D2190E1E0900AF74B8 /* ParseTestInsertThenUpload.m */; };
		7FE649D8190E1E8100AF74B8 /* ParseBaseTestCase.m in Sources */ = {isa = PBXBuildFile; fileRef = 7FE649D7190E1E8100AF74B8 /* ParseBaseTestCase.m */; };
		7FE649E7190E339100AF74B8 /* ParseTestDownload.m in Sources */ = {isa = PBXBuildFile; fileRef = 7FE649E6190E339100AF74B8 /* ParseTestDownload.m */; };
		7FE649E9190E38DA00AF74B8 /* ParseTestUpdateThenUpload.m in Sources */ = {isa = PBXBuildFile; fileRef = 7FE649E8190E38DA00AF74B8 /* ParseTestUpdateThenUpload.m */; };
		7FE7BECE19112D04005FE165 /* ParseTestConflictIndirect.m in Sources */ = {isa = PBXBuildFile; fileRef = 7FE7BECD19112D04005FE165 /* ParseTestConflictIndirect.m */; };
/* End PBXBuildFile section */

/* Begin PBXContainerItemProxy section */
		7FD4FE8E18F22F1B00F2D17A /* PBXContainerItemProxy */ = {
			isa = PBXContainerItemProxy;
			containerPortal = 7FD4FE7018F22F1B00F2D17A /* Project object */;
			proxyType = 1;
			remoteGlobalIDString = 7FD4FE7718F22F1B00F2D17A;
			remoteInfo = ParseSync;
		};
/* End PBXContainerItemProxy section */

/* Begin PBXCopyFilesBuildPhase section */
		7FD4FE7618F22F1B00F2D17A /* CopyFiles */ = {
			isa = PBXCopyFilesBuildPhase;
			buildActionMask = 2147483647;
			dstPath = "include/$(PRODUCT_NAME)";
			dstSubfolderSpec = 16;
			files = (
			);
			runOnlyForDeploymentPostprocessing = 0;
		};
/* End PBXCopyFilesBuildPhase section */

/* Begin PBXFileReference section */
		686C5A9A191BAB2400440A9E /* Parse+Bolts.h */ = {isa = PBXFileReference; fileEncoding = 4; lastKnownFileType = sourcecode.c.h; path = "Parse+Bolts.h"; sourceTree = "<group>"; };
		686C5A9B191BAB2400440A9E /* Parse+Bolts.m */ = {isa = PBXFileReference; fileEncoding = 4; lastKnownFileType = sourcecode.c.objc; path = "Parse+Bolts.m"; sourceTree = "<group>"; };
		688FF084191A812C00A37025 /* Bolts.framework */ = {isa = PBXFileReference; lastKnownFileType = wrapper.framework; path = Bolts.framework; sourceTree = "<group>"; };
		7F085FD3190FDE0F00E651D6 /* ParseTestCompoundUpdateThenUpload.m */ = {isa = PBXFileReference; fileEncoding = 4; lastKnownFileType = sourcecode.c.objc; path = ParseTestCompoundUpdateThenUpload.m; sourceTree = "<group>"; };
		7F085FD5190FDE2000E651D6 /* ParseTestCompoundUpdateThenDownload.m */ = {isa = PBXFileReference; fileEncoding = 4; lastKnownFileType = sourcecode.c.objc; path = ParseTestCompoundUpdateThenDownload.m; sourceTree = "<group>"; };
		7F085FD7190FDE3B00E651D6 /* ParseTestUploadDownloadNoConflict.m */ = {isa = PBXFileReference; fileEncoding = 4; lastKnownFileType = sourcecode.c.objc; path = ParseTestUploadDownloadNoConflict.m; sourceTree = "<group>"; };
		7F085FD9190FDE4A00E651D6 /* ParseTestConflictDirect.m */ = {isa = PBXFileReference; fileEncoding = 4; lastKnownFileType = sourcecode.c.objc; path = ParseTestConflictDirect.m; sourceTree = "<group>"; };
		7F5464FB190E182700952AB2 /* TKDB.h */ = {isa = PBXFileReference; fileEncoding = 4; lastKnownFileType = sourcecode.c.h; path = TKDB.h; sourceTree = "<group>"; };
		7F5464FC190E182700952AB2 /* TKDB.m */ = {isa = PBXFileReference; fileEncoding = 4; lastKnownFileType = sourcecode.c.objc; path = TKDB.m; sourceTree = "<group>"; };
		7F5464FD190E182700952AB2 /* TKServerObjectHelper.h */ = {isa = PBXFileReference; fileEncoding = 4; lastKnownFileType = sourcecode.c.h; path = TKServerObjectHelper.h; sourceTree = "<group>"; };
		7F5464FE190E182700952AB2 /* TKServerObjectHelper.m */ = {isa = PBXFileReference; fileEncoding = 4; lastKnownFileType = sourcecode.c.objc; path = TKServerObjectHelper.m; sourceTree = "<group>"; };
		7F5464FF190E182700952AB2 /* TKServerObject.h */ = {isa = PBXFileReference; fileEncoding = 4; lastKnownFileType = sourcecode.c.h; path = TKServerObject.h; sourceTree = "<group>"; };
		7F546500190E182700952AB2 /* TKServerObject.m */ = {isa = PBXFileReference; fileEncoding = 4; lastKnownFileType = sourcecode.c.objc; path = TKServerObject.m; sourceTree = "<group>"; };
		7F546501190E182700952AB2 /* TKParseServerSyncManager.h */ = {isa = PBXFileReference; fileEncoding = 4; lastKnownFileType = sourcecode.c.h; path = TKParseServerSyncManager.h; sourceTree = "<group>"; };
		7F546502190E182700952AB2 /* TKParseServerSyncManager.m */ = {isa = PBXFileReference; fileEncoding = 4; lastKnownFileType = sourcecode.c.objc; path = TKParseServerSyncManager.m; sourceTree = "<group>"; };
		7F546503190E182700952AB2 /* TKServerSyncManager.h */ = {isa = PBXFileReference; fileEncoding = 4; lastKnownFileType = sourcecode.c.h; path = TKServerSyncManager.h; sourceTree = "<group>"; };
		7F546504190E182700952AB2 /* TKServerSyncManager.m */ = {isa = PBXFileReference; fileEncoding = 4; lastKnownFileType = sourcecode.c.objc; path = TKServerSyncManager.m; sourceTree = "<group>"; };
		7F546505190E182700952AB2 /* TKDBCacheEntry.h */ = {isa = PBXFileReference; fileEncoding = 4; lastKnownFileType = sourcecode.c.h; path = TKDBCacheEntry.h; sourceTree = "<group>"; };
		7F546506190E182700952AB2 /* TKDBCacheEntry.m */ = {isa = PBXFileReference; fileEncoding = 4; lastKnownFileType = sourcecode.c.objc; path = TKDBCacheEntry.m; sourceTree = "<group>"; };
		7F546507190E182700952AB2 /* NSEntityDescription+ObjectID.h */ = {isa = PBXFileReference; fileEncoding = 4; lastKnownFileType = sourcecode.c.h; path = "NSEntityDescription+ObjectID.h"; sourceTree = "<group>"; };
		7F546508190E182700952AB2 /* NSEntityDescription+ObjectID.m */ = {isa = PBXFileReference; fileEncoding = 4; lastKnownFileType = sourcecode.c.objc; path = "NSEntityDescription+ObjectID.m"; sourceTree = "<group>"; };
		7F546509190E182700952AB2 /* NSManagedObject+Sync.h */ = {isa = PBXFileReference; fileEncoding = 4; lastKnownFileType = sourcecode.c.h; path = "NSManagedObject+Sync.h"; sourceTree = "<group>"; };
		7F54650A190E182700952AB2 /* NSManagedObject+Sync.m */ = {isa = PBXFileReference; fileEncoding = 4; lastKnownFileType = sourcecode.c.objc; path = "NSManagedObject+Sync.m"; sourceTree = "<group>"; };
		7F54650B190E182700952AB2 /* NSManagedObjectContext+Sync.h */ = {isa = PBXFileReference; fileEncoding = 4; lastKnownFileType = sourcecode.c.h; path = "NSManagedObjectContext+Sync.h"; sourceTree = "<group>"; };
		7F54650C190E182700952AB2 /* NSManagedObjectContext+Sync.m */ = {isa = PBXFileReference; fileEncoding = 4; lastKnownFileType = sourcecode.c.objc; path = "NSManagedObjectContext+Sync.m"; sourceTree = "<group>"; };
		7F54650D190E182700952AB2 /* TKDBCacheManager.h */ = {isa = PBXFileReference; fileEncoding = 4; lastKnownFileType = sourcecode.c.h; path = TKDBCacheManager.h; sourceTree = "<group>"; };
		7F54650E190E182700952AB2 /* TKDBCacheManager.m */ = {isa = PBXFileReference; fileEncoding = 4; lastKnownFileType = sourcecode.c.objc; path = TKDBCacheManager.m; sourceTree = "<group>"; };
		7F546524190E184800952AB2 /* MobileCoreServices.framework */ = {isa = PBXFileReference; lastKnownFileType = wrapper.framework; name = MobileCoreServices.framework; path = System/Library/Frameworks/MobileCoreServices.framework; sourceTree = SDKROOT; };
		7F546525190E184800952AB2 /* Security.framework */ = {isa = PBXFileReference; lastKnownFileType = wrapper.framework; name = Security.framework; path = System/Library/Frameworks/Security.framework; sourceTree = SDKROOT; };
		7F546526190E184800952AB2 /* SystemConfiguration.framework */ = {isa = PBXFileReference; lastKnownFileType = wrapper.framework; name = SystemConfiguration.framework; path = System/Library/Frameworks/SystemConfiguration.framework; sourceTree = SDKROOT; };
		7F546527190E184800952AB2 /* CFNetwork.framework */ = {isa = PBXFileReference; lastKnownFileType = wrapper.framework; name = CFNetwork.framework; path = System/Library/Frameworks/CFNetwork.framework; sourceTree = SDKROOT; };
		7F546528190E184800952AB2 /* Parse.framework */ = {isa = PBXFileReference; lastKnownFileType = wrapper.framework; name = Parse.framework; path = ParseSyncExample/Parse.framework; sourceTree = "<group>"; };
		7F546529190E184800952AB2 /* libParseSync.a */ = {isa = PBXFileReference; lastKnownFileType = archive.ar; name = libParseSync.a; path = "build/Debug-iphoneos/libParseSync.a"; sourceTree = "<group>"; };
		7F54652A190E184800952AB2 /* CoreGraphics.framework */ = {isa = PBXFileReference; lastKnownFileType = wrapper.framework; name = CoreGraphics.framework; path = System/Library/Frameworks/CoreGraphics.framework; sourceTree = SDKROOT; };
		7F54652B190E184800952AB2 /* UIKit.framework */ = {isa = PBXFileReference; lastKnownFileType = wrapper.framework; name = UIKit.framework; path = System/Library/Frameworks/UIKit.framework; sourceTree = SDKROOT; };
		7F54652C190E184800952AB2 /* CoreData.framework */ = {isa = PBXFileReference; lastKnownFileType = wrapper.framework; name = CoreData.framework; path = System/Library/Frameworks/CoreData.framework; sourceTree = SDKROOT; };
		7F822181190FBD3B007D2DA8 /* ParseTestUpdateThenDownload.m */ = {isa = PBXFileReference; fileEncoding = 4; lastKnownFileType = sourcecode.c.objc; path = ParseTestUpdateThenDownload.m; sourceTree = "<group>"; };
		7F9CD6DB19149E62003EC988 /* Attendance.h */ = {isa = PBXFileReference; fileEncoding = 4; lastKnownFileType = sourcecode.c.h; path = Attendance.h; sourceTree = "<group>"; };
		7F9CD6DC19149E62003EC988 /* Attendance.m */ = {isa = PBXFileReference; fileEncoding = 4; lastKnownFileType = sourcecode.c.objc; path = Attendance.m; sourceTree = "<group>"; };
		7F9CD6DE19149E63003EC988 /* AttendanceType.h */ = {isa = PBXFileReference; fileEncoding = 4; lastKnownFileType = sourcecode.c.h; path = AttendanceType.h; sourceTree = "<group>"; };
		7F9CD6DF19149E63003EC988 /* AttendanceType.m */ = {isa = PBXFileReference; fileEncoding = 4; lastKnownFileType = sourcecode.c.objc; path = AttendanceType.m; sourceTree = "<group>"; };
		7F9CD6E119149E63003EC988 /* Classroom.h */ = {isa = PBXFileReference; fileEncoding = 4; lastKnownFileType = sourcecode.c.h; path = Classroom.h; sourceTree = "<group>"; };
		7F9CD6E219149E63003EC988 /* Classroom.m */ = {isa = PBXFileReference; fileEncoding = 4; lastKnownFileType = sourcecode.c.objc; path = Classroom.m; sourceTree = "<group>"; };
		7F9CD6E419149E63003EC988 /* Student.h */ = {isa = PBXFileReference; fileEncoding = 4; lastKnownFileType = sourcecode.c.h; path = Student.h; sourceTree = "<group>"; };
		7F9CD6E519149E63003EC988 /* Student.m */ = {isa = PBXFileReference; fileEncoding = 4; lastKnownFileType = sourcecode.c.objc; path = Student.m; sourceTree = "<group>"; };
		7FD4FE7818F22F1B00F2D17A /* libParseSync.a */ = {isa = PBXFileReference; explicitFileType = archive.ar; includeInIndex = 0; path = libParseSync.a; sourceTree = BUILT_PRODUCTS_DIR; };
		7FD4FE7B18F22F1B00F2D17A /* Foundation.framework */ = {isa = PBXFileReference; lastKnownFileType = wrapper.framework; name = Foundation.framework; path = System/Library/Frameworks/Foundation.framework; sourceTree = SDKROOT; };
		7FD4FE7F18F22F1B00F2D17A /* ParseSync-Prefix.pch */ = {isa = PBXFileReference; lastKnownFileType = sourcecode.c.h; path = "ParseSync-Prefix.pch"; sourceTree = "<group>"; };
		7FD4FE8818F22F1B00F2D17A /* ParseSyncTests.xctest */ = {isa = PBXFileReference; explicitFileType = wrapper.cfbundle; includeInIndex = 0; path = ParseSyncTests.xctest; sourceTree = BUILT_PRODUCTS_DIR; };
		7FD4FE8918F22F1B00F2D17A /* XCTest.framework */ = {isa = PBXFileReference; lastKnownFileType = wrapper.framework; name = XCTest.framework; path = Library/Frameworks/XCTest.framework; sourceTree = DEVELOPER_DIR; };
		7FD4FE8C18F22F1B00F2D17A /* UIKit.framework */ = {isa = PBXFileReference; lastKnownFileType = wrapper.framework; name = UIKit.framework; path = Library/Frameworks/UIKit.framework; sourceTree = DEVELOPER_DIR; };
		7FD4FE9318F22F1B00F2D17A /* ParseSyncTests-Info.plist */ = {isa = PBXFileReference; lastKnownFileType = text.plist.xml; path = "ParseSyncTests-Info.plist"; sourceTree = "<group>"; };
		7FD4FE9518F22F1B00F2D17A /* en */ = {isa = PBXFileReference; lastKnownFileType = text.plist.strings; name = en; path = en.lproj/InfoPlist.strings; sourceTree = "<group>"; };
		7FD4FEA118F2301200F2D17A /* Parse.framework */ = {isa = PBXFileReference; lastKnownFileType = wrapper.framework; path = Parse.framework; sourceTree = "<group>"; };
		7FE649CD190E1B5F00AF74B8 /* ParseSyncTest.xcdatamodel */ = {isa = PBXFileReference; lastKnownFileType = wrapper.xcdatamodel; path = ParseSyncTest.xcdatamodel; sourceTree = "<group>"; };
		7FE649D2190E1E0900AF74B8 /* ParseTestInsertThenUpload.m */ = {isa = PBXFileReference; fileEncoding = 4; lastKnownFileType = sourcecode.c.objc; path = ParseTestInsertThenUpload.m; sourceTree = "<group>"; };
		7FE649D6190E1E8100AF74B8 /* ParseBaseTestCase.h */ = {isa = PBXFileReference; fileEncoding = 4; lastKnownFileType = sourcecode.c.h; path = ParseBaseTestCase.h; sourceTree = "<group>"; };
		7FE649D7190E1E8100AF74B8 /* ParseBaseTestCase.m */ = {isa = PBXFileReference; fileEncoding = 4; lastKnownFileType = sourcecode.c.objc; path = ParseBaseTestCase.m; sourceTree = "<group>"; };
		7FE649E6190E339100AF74B8 /* ParseTestDownload.m */ = {isa = PBXFileReference; fileEncoding = 4; lastKnownFileType = sourcecode.c.objc; path = ParseTestDownload.m; sourceTree = "<group>"; };
		7FE649E8190E38DA00AF74B8 /* ParseTestUpdateThenUpload.m */ = {isa = PBXFileReference; fileEncoding = 4; lastKnownFileType = sourcecode.c.objc; path = ParseTestUpdateThenUpload.m; sourceTree = "<group>"; };
		7FE7BECD19112D04005FE165 /* ParseTestConflictIndirect.m */ = {isa = PBXFileReference; fileEncoding = 4; lastKnownFileType = sourcecode.c.objc; path = ParseTestConflictIndirect.m; sourceTree = "<group>"; };
/* End PBXFileReference section */

/* Begin PBXFrameworksBuildPhase section */
		7FD4FE7518F22F1B00F2D17A /* Frameworks */ = {
			isa = PBXFrameworksBuildPhase;
			buildActionMask = 2147483647;
			files = (
				7FD4FEA218F2301200F2D17A /* Parse.framework in Frameworks */,
				7F54652D190E184800952AB2 /* MobileCoreServices.framework in Frameworks */,
				7F54652E190E184800952AB2 /* Security.framework in Frameworks */,
				688FF085191A812C00A37025 /* Bolts.framework in Frameworks */,
				7F54652F190E184800952AB2 /* SystemConfiguration.framework in Frameworks */,
				7F546530190E184800952AB2 /* CFNetwork.framework in Frameworks */,
				7F546531190E184800952AB2 /* Parse.framework in Frameworks */,
				7F546533190E184800952AB2 /* CoreGraphics.framework in Frameworks */,
				7F546534190E184800952AB2 /* UIKit.framework in Frameworks */,
				7F546535190E184800952AB2 /* CoreData.framework in Frameworks */,
				7FD4FE7C18F22F1B00F2D17A /* Foundation.framework in Frameworks */,
				7F546523190E184800952AB2 /* XCTest.framework in Frameworks */,
			);
			runOnlyForDeploymentPostprocessing = 0;
		};
		7FD4FE8518F22F1B00F2D17A /* Frameworks */ = {
			isa = PBXFrameworksBuildPhase;
			buildActionMask = 2147483647;
			files = (
				7FD4FE9018F22F1B00F2D17A /* libParseSync.a in Frameworks */,
				7FD4FE8A18F22F1B00F2D17A /* XCTest.framework in Frameworks */,
				7FD4FE8D18F22F1B00F2D17A /* UIKit.framework in Frameworks */,
				7F546536190E186300952AB2 /* MobileCoreServices.framework in Frameworks */,
				7F546537190E186300952AB2 /* Security.framework in Frameworks */,
				7F546538190E186300952AB2 /* SystemConfiguration.framework in Frameworks */,
				7F546539190E186300952AB2 /* CFNetwork.framework in Frameworks */,
				7F54653A190E186300952AB2 /* Parse.framework in Frameworks */,
				688FF086191A812C00A37025 /* Bolts.framework in Frameworks */,
				7F54653B190E186300952AB2 /* CoreData.framework in Frameworks */,
				7FD4FE8B18F22F1B00F2D17A /* Foundation.framework in Frameworks */,
			);
			runOnlyForDeploymentPostprocessing = 0;
		};
/* End PBXFrameworksBuildPhase section */

/* Begin PBXGroup section */
		7FD4FE6F18F22F1B00F2D17A = {
			isa = PBXGroup;
			children = (
				7FD4FE7D18F22F1B00F2D17A /* ParseSync */,
				7FD4FE9118F22F1B00F2D17A /* ParseSyncTests */,
				7FD4FE7A18F22F1B00F2D17A /* Frameworks */,
				7FD4FE7918F22F1B00F2D17A /* Products */,
			);
			sourceTree = "<group>";
		};
		7FD4FE7918F22F1B00F2D17A /* Products */ = {
			isa = PBXGroup;
			children = (
				7FD4FE7818F22F1B00F2D17A /* libParseSync.a */,
				7FD4FE8818F22F1B00F2D17A /* ParseSyncTests.xctest */,
			);
			name = Products;
			sourceTree = "<group>";
		};
		7FD4FE7A18F22F1B00F2D17A /* Frameworks */ = {
			isa = PBXGroup;
			children = (
				688FF084191A812C00A37025 /* Bolts.framework */,
				7F546524190E184800952AB2 /* MobileCoreServices.framework */,
				7F546525190E184800952AB2 /* Security.framework */,
				7F546526190E184800952AB2 /* SystemConfiguration.framework */,
				7F546527190E184800952AB2 /* CFNetwork.framework */,
				7F546528190E184800952AB2 /* Parse.framework */,
				7F546529190E184800952AB2 /* libParseSync.a */,
				7F54652A190E184800952AB2 /* CoreGraphics.framework */,
				7F54652B190E184800952AB2 /* UIKit.framework */,
				7F54652C190E184800952AB2 /* CoreData.framework */,
				7FD4FEA118F2301200F2D17A /* Parse.framework */,
				7FD4FE7B18F22F1B00F2D17A /* Foundation.framework */,
				7FD4FE8918F22F1B00F2D17A /* XCTest.framework */,
				7FD4FE8C18F22F1B00F2D17A /* UIKit.framework */,
			);
			name = Frameworks;
			sourceTree = "<group>";
		};
		7FD4FE7D18F22F1B00F2D17A /* ParseSync */ = {
			isa = PBXGroup;
			children = (
				686C5A9A191BAB2400440A9E /* Parse+Bolts.h */,
				686C5A9B191BAB2400440A9E /* Parse+Bolts.m */,
				7F5464FB190E182700952AB2 /* TKDB.h */,
				7F5464FC190E182700952AB2 /* TKDB.m */,
				7F5464FD190E182700952AB2 /* TKServerObjectHelper.h */,
				7F5464FE190E182700952AB2 /* TKServerObjectHelper.m */,
				7F5464FF190E182700952AB2 /* TKServerObject.h */,
				7F546500190E182700952AB2 /* TKServerObject.m */,
				7F546501190E182700952AB2 /* TKParseServerSyncManager.h */,
				7F546502190E182700952AB2 /* TKParseServerSyncManager.m */,
				7F546503190E182700952AB2 /* TKServerSyncManager.h */,
				7F546504190E182700952AB2 /* TKServerSyncManager.m */,
				7F546505190E182700952AB2 /* TKDBCacheEntry.h */,
				7F546506190E182700952AB2 /* TKDBCacheEntry.m */,
				7F546507190E182700952AB2 /* NSEntityDescription+ObjectID.h */,
				7F546508190E182700952AB2 /* NSEntityDescription+ObjectID.m */,
				7F546509190E182700952AB2 /* NSManagedObject+Sync.h */,
				7F54650A190E182700952AB2 /* NSManagedObject+Sync.m */,
				7F54650B190E182700952AB2 /* NSManagedObjectContext+Sync.h */,
				7F54650C190E182700952AB2 /* NSManagedObjectContext+Sync.m */,
				7F54650D190E182700952AB2 /* TKDBCacheManager.h */,
				7F54650E190E182700952AB2 /* TKDBCacheManager.m */,
				7FD4FE7E18F22F1B00F2D17A /* Supporting Files */,
			);
			path = ParseSync;
			sourceTree = "<group>";
		};
		7FD4FE7E18F22F1B00F2D17A /* Supporting Files */ = {
			isa = PBXGroup;
			children = (
				7FD4FE7F18F22F1B00F2D17A /* ParseSync-Prefix.pch */,
			);
			name = "Supporting Files";
			sourceTree = "<group>";
		};
		7FD4FE9118F22F1B00F2D17A /* ParseSyncTests */ = {
			isa = PBXGroup;
			children = (
				7FE649D6190E1E8100AF74B8 /* ParseBaseTestCase.h */,
				7FE649D7190E1E8100AF74B8 /* ParseBaseTestCase.m */,
				7FE649D2190E1E0900AF74B8 /* ParseTestInsertThenUpload.m */,
				7FE649E6190E339100AF74B8 /* ParseTestDownload.m */,
				7FE649E8190E38DA00AF74B8 /* ParseTestUpdateThenUpload.m */,
				7F822181190FBD3B007D2DA8 /* ParseTestUpdateThenDownload.m */,
				7F085FD3190FDE0F00E651D6 /* ParseTestCompoundUpdateThenUpload.m */,
				7F085FD5190FDE2000E651D6 /* ParseTestCompoundUpdateThenDownload.m */,
				7F085FD7190FDE3B00E651D6 /* ParseTestUploadDownloadNoConflict.m */,
				7F085FD9190FDE4A00E651D6 /* ParseTestConflictDirect.m */,
				7FE7BECD19112D04005FE165 /* ParseTestConflictIndirect.m */,
				7FD4FE9218F22F1B00F2D17A /* Supporting Files */,
			);
			path = ParseSyncTests;
			sourceTree = "<group>";
		};
		7FD4FE9218F22F1B00F2D17A /* Supporting Files */ = {
			isa = PBXGroup;
			children = (
				7FD4FE9318F22F1B00F2D17A /* ParseSyncTests-Info.plist */,
				7FD4FE9418F22F1B00F2D17A /* InfoPlist.strings */,
				7FE649CC190E1B5F00AF74B8 /* ParseSyncTest.xcdatamodeld */,
				7F9CD6E419149E63003EC988 /* Student.h */,
				7F9CD6E519149E63003EC988 /* Student.m */,
				7F9CD6E119149E63003EC988 /* Classroom.h */,
				7F9CD6E219149E63003EC988 /* Classroom.m */,
				7F9CD6DE19149E63003EC988 /* AttendanceType.h */,
				7F9CD6DF19149E63003EC988 /* AttendanceType.m */,
				7F9CD6DB19149E62003EC988 /* Attendance.h */,
				7F9CD6DC19149E62003EC988 /* Attendance.m */,
			);
			name = "Supporting Files";
			sourceTree = "<group>";
		};
/* End PBXGroup section */

/* Begin PBXNativeTarget section */
		7FD4FE7718F22F1B00F2D17A /* ParseSync */ = {
			isa = PBXNativeTarget;
			buildConfigurationList = 7FD4FE9B18F22F1B00F2D17A /* Build configuration list for PBXNativeTarget "ParseSync" */;
			buildPhases = (
				7FD4FE7418F22F1B00F2D17A /* Sources */,
				7FD4FE7518F22F1B00F2D17A /* Frameworks */,
				7FD4FE7618F22F1B00F2D17A /* CopyFiles */,
			);
			buildRules = (
			);
			dependencies = (
			);
			name = ParseSync;
			productName = ParseSync;
			productReference = 7FD4FE7818F22F1B00F2D17A /* libParseSync.a */;
			productType = "com.apple.product-type.library.static";
		};
		7FD4FE8718F22F1B00F2D17A /* ParseSyncTests */ = {
			isa = PBXNativeTarget;
			buildConfigurationList = 7FD4FE9E18F22F1B00F2D17A /* Build configuration list for PBXNativeTarget "ParseSyncTests" */;
			buildPhases = (
				7FD4FE8418F22F1B00F2D17A /* Sources */,
				7FD4FE8518F22F1B00F2D17A /* Frameworks */,
				7FD4FE8618F22F1B00F2D17A /* Resources */,
				7FE649EA190EE10000AF74B8 /* Run Script */,
			);
			buildRules = (
			);
			dependencies = (
				7FD4FE8F18F22F1B00F2D17A /* PBXTargetDependency */,
			);
			name = ParseSyncTests;
			productName = ParseSyncTests;
			productReference = 7FD4FE8818F22F1B00F2D17A /* ParseSyncTests.xctest */;
			productType = "com.apple.product-type.bundle.unit-test";
		};
/* End PBXNativeTarget section */

/* Begin PBXProject section */
		7FD4FE7018F22F1B00F2D17A /* Project object */ = {
			isa = PBXProject;
			attributes = {
				LastUpgradeCheck = 0510;
				ORGANIZATIONNAME = Inovaton;
			};
			buildConfigurationList = 7FD4FE7318F22F1B00F2D17A /* Build configuration list for PBXProject "ParseSync" */;
			compatibilityVersion = "Xcode 3.2";
			developmentRegion = English;
			hasScannedForEncodings = 0;
			knownRegions = (
				en,
			);
			mainGroup = 7FD4FE6F18F22F1B00F2D17A;
			productRefGroup = 7FD4FE7918F22F1B00F2D17A /* Products */;
			projectDirPath = "";
			projectRoot = "";
			targets = (
				7FD4FE7718F22F1B00F2D17A /* ParseSync */,
				7FD4FE8718F22F1B00F2D17A /* ParseSyncTests */,
			);
		};
/* End PBXProject section */

/* Begin PBXResourcesBuildPhase section */
		7FD4FE8618F22F1B00F2D17A /* Resources */ = {
			isa = PBXResourcesBuildPhase;
			buildActionMask = 2147483647;
			files = (
				7FD4FE9618F22F1B00F2D17A /* InfoPlist.strings in Resources */,
			);
			runOnlyForDeploymentPostprocessing = 0;
		};
/* End PBXResourcesBuildPhase section */

/* Begin PBXShellScriptBuildPhase section */
		7FE649EA190EE10000AF74B8 /* Run Script */ = {
			isa = PBXShellScriptBuildPhase;
			buildActionMask = 2147483647;
			files = (
			);
			inputPaths = (
			);
			name = "Run Script";
			outputPaths = (
			);
			runOnlyForDeploymentPostprocessing = 0;
			shellPath = /bin/sh;
			shellScript = XcodeCoverage/exportenv.sh;
		};
/* End PBXShellScriptBuildPhase section */

/* Begin PBXSourcesBuildPhase section */
		7FD4FE7418F22F1B00F2D17A /* Sources */ = {
			isa = PBXSourcesBuildPhase;
			buildActionMask = 2147483647;
			files = (
				7F546517190E182700952AB2 /* TKServerSyncManager.m in Sources */,
				7F546513190E182700952AB2 /* TKServerObject.m in Sources */,
				7F54651D190E182700952AB2 /* NSManagedObject+Sync.m in Sources */,
				7F546521190E182700952AB2 /* TKDBCacheManager.m in Sources */,
				7F54651B190E182700952AB2 /* NSEntityDescription+ObjectID.m in Sources */,
				7F546511190E182700952AB2 /* TKServerObjectHelper.m in Sources */,
				7F546519190E182700952AB2 /* TKDBCacheEntry.m in Sources */,
				7F546515190E182700952AB2 /* TKParseServerSyncManager.m in Sources */,
				686C5A9C191BAB2400440A9E /* Parse+Bolts.m in Sources */,
				7F54650F190E182700952AB2 /* TKDB.m in Sources */,
				7F54651F190E182700952AB2 /* NSManagedObjectContext+Sync.m in Sources */,
			);
			runOnlyForDeploymentPostprocessing = 0;
		};
		7FD4FE8418F22F1B00F2D17A /* Sources */ = {
			isa = PBXSourcesBuildPhase;
			buildActionMask = 2147483647;
			files = (
				7F546518190E182700952AB2 /* TKServerSyncManager.m in Sources */,
				7F546514190E182700952AB2 /* TKServerObject.m in Sources */,
				7F54651E190E182700952AB2 /* NSManagedObject+Sync.m in Sources */,
				7F822182190FBD3B007D2DA8 /* ParseTestUpdateThenDownload.m in Sources */,
				7F9CD6DD19149E62003EC988 /* Attendance.m in Sources */,
				7F085FD4190FDE0F00E651D6 /* ParseTestCompoundUpdateThenUpload.m in Sources */,
				7F546522190E182700952AB2 /* TKDBCacheManager.m in Sources */,
				7F9CD6E319149E63003EC988 /* Classroom.m in Sources */,
				7FE649D8190E1E8100AF74B8 /* ParseBaseTestCase.m in Sources */,
				7F085FDA190FDE4A00E651D6 /* ParseTestConflictDirect.m in Sources */,
				7F54651C190E182700952AB2 /* NSEntityDescription+ObjectID.m in Sources */,
				686C5A9D191BAB2400440A9E /* Parse+Bolts.m in Sources */,
				7F9CD6E019149E63003EC988 /* AttendanceType.m in Sources */,
				7FE7BECE19112D04005FE165 /* ParseTestConflictIndirect.m in Sources */,
				7F085FD8190FDE3B00E651D6 /* ParseTestUploadDownloadNoConflict.m in Sources */,
				7FE649E7190E339100AF74B8 /* ParseTestDownload.m in Sources */,
				7F085FD6190FDE2000E651D6 /* ParseTestCompoundUpdateThenDownload.m in Sources */,
				7F546512190E182700952AB2 /* TKServerObjectHelper.m in Sources */,
				7F9CD6E619149E63003EC988 /* Student.m in Sources */,
				7FE649E9190E38DA00AF74B8 /* ParseTestUpdateThenUpload.m in Sources */,
				7FE649CE190E1B5F00AF74B8 /* ParseSyncTest.xcdatamodeld in Sources */,
				7F54651A190E182700952AB2 /* TKDBCacheEntry.m in Sources */,
				7FE649D3190E1E0900AF74B8 /* ParseTestInsertThenUpload.m in Sources */,
				7F546516190E182700952AB2 /* TKParseServerSyncManager.m in Sources */,
				7F546510190E182700952AB2 /* TKDB.m in Sources */,
				7F546520190E182700952AB2 /* NSManagedObjectContext+Sync.m in Sources */,
			);
			runOnlyForDeploymentPostprocessing = 0;
		};
/* End PBXSourcesBuildPhase section */

/* Begin PBXTargetDependency section */
		7FD4FE8F18F22F1B00F2D17A /* PBXTargetDependency */ = {
			isa = PBXTargetDependency;
			target = 7FD4FE7718F22F1B00F2D17A /* ParseSync */;
			targetProxy = 7FD4FE8E18F22F1B00F2D17A /* PBXContainerItemProxy */;
		};
/* End PBXTargetDependency section */

/* Begin PBXVariantGroup section */
		7FD4FE9418F22F1B00F2D17A /* InfoPlist.strings */ = {
			isa = PBXVariantGroup;
			children = (
				7FD4FE9518F22F1B00F2D17A /* en */,
			);
			name = InfoPlist.strings;
			sourceTree = "<group>";
		};
/* End PBXVariantGroup section */

/* Begin XCBuildConfiguration section */
		7FD4FE9918F22F1B00F2D17A /* Debug */ = {
			isa = XCBuildConfiguration;
			buildSettings = {
				ALWAYS_SEARCH_USER_PATHS = NO;
				CLANG_CXX_LANGUAGE_STANDARD = "gnu++0x";
				CLANG_CXX_LIBRARY = "libc++";
				CLANG_ENABLE_MODULES = YES;
				CLANG_ENABLE_OBJC_ARC = YES;
				CLANG_WARN_BOOL_CONVERSION = YES;
				CLANG_WARN_CONSTANT_CONVERSION = YES;
				CLANG_WARN_DIRECT_OBJC_ISA_USAGE = YES_ERROR;
				CLANG_WARN_EMPTY_BODY = YES;
				CLANG_WARN_ENUM_CONVERSION = YES;
				CLANG_WARN_INT_CONVERSION = YES;
				CLANG_WARN_OBJC_ROOT_CLASS = YES_ERROR;
				CLANG_WARN__DUPLICATE_METHOD_MATCH = YES;
				COPY_PHASE_STRIP = NO;
				GCC_C_LANGUAGE_STANDARD = gnu99;
				GCC_DYNAMIC_NO_PIC = NO;
				GCC_GENERATE_TEST_COVERAGE_FILES = YES;
				GCC_INSTRUMENT_PROGRAM_FLOW_ARCS = YES;
				GCC_OPTIMIZATION_LEVEL = 0;
				GCC_PREPROCESSOR_DEFINITIONS = (
					"DEBUG=1",
					"$(inherited)",
				);
				GCC_SYMBOLS_PRIVATE_EXTERN = NO;
				GCC_WARN_64_TO_32_BIT_CONVERSION = YES;
				GCC_WARN_ABOUT_RETURN_TYPE = YES_ERROR;
				GCC_WARN_UNDECLARED_SELECTOR = YES;
				GCC_WARN_UNINITIALIZED_AUTOS = YES_AGGRESSIVE;
				GCC_WARN_UNUSED_FUNCTION = YES;
				GCC_WARN_UNUSED_VARIABLE = YES;
				IPHONEOS_DEPLOYMENT_TARGET = 7.1;
				ONLY_ACTIVE_ARCH = YES;
				SDKROOT = iphoneos;
			};
			name = Debug;
		};
		7FD4FE9A18F22F1B00F2D17A /* Release */ = {
			isa = XCBuildConfiguration;
			buildSettings = {
				ALWAYS_SEARCH_USER_PATHS = NO;
				CLANG_CXX_LANGUAGE_STANDARD = "gnu++0x";
				CLANG_CXX_LIBRARY = "libc++";
				CLANG_ENABLE_MODULES = YES;
				CLANG_ENABLE_OBJC_ARC = YES;
				CLANG_WARN_BOOL_CONVERSION = YES;
				CLANG_WARN_CONSTANT_CONVERSION = YES;
				CLANG_WARN_DIRECT_OBJC_ISA_USAGE = YES_ERROR;
				CLANG_WARN_EMPTY_BODY = YES;
				CLANG_WARN_ENUM_CONVERSION = YES;
				CLANG_WARN_INT_CONVERSION = YES;
				CLANG_WARN_OBJC_ROOT_CLASS = YES_ERROR;
				CLANG_WARN__DUPLICATE_METHOD_MATCH = YES;
				COPY_PHASE_STRIP = YES;
				ENABLE_NS_ASSERTIONS = NO;
				GCC_C_LANGUAGE_STANDARD = gnu99;
				GCC_GENERATE_TEST_COVERAGE_FILES = NO;
				GCC_WARN_64_TO_32_BIT_CONVERSION = YES;
				GCC_WARN_ABOUT_RETURN_TYPE = YES_ERROR;
				GCC_WARN_UNDECLARED_SELECTOR = YES;
				GCC_WARN_UNINITIALIZED_AUTOS = YES_AGGRESSIVE;
				GCC_WARN_UNUSED_FUNCTION = YES;
				GCC_WARN_UNUSED_VARIABLE = YES;
				IPHONEOS_DEPLOYMENT_TARGET = 7.1;
				SDKROOT = iphoneos;
				VALIDATE_PRODUCT = YES;
			};
			name = Release;
		};
		7FD4FE9C18F22F1B00F2D17A /* Debug */ = {
			isa = XCBuildConfiguration;
			buildSettings = {
				DSTROOT = /tmp/ParseSync.dst;
				FRAMEWORK_SEARCH_PATHS = (
					"$(inherited)",
					"$(PROJECT_DIR)",
					"$(DEVELOPER_FRAMEWORKS_DIR)",
					"$(PROJECT_DIR)/ParseSyncExample",
				);
				GCC_PRECOMPILE_PREFIX_HEADER = YES;
				GCC_PREFIX_HEADER = "ParseSync/ParseSync-Prefix.pch";
				LIBRARY_SEARCH_PATHS = (
					"$(inherited)",
					"$(PROJECT_DIR)/build/Debug-iphoneos",
				);
				OTHER_LDFLAGS = "-ObjC";
				PRODUCT_NAME = "$(TARGET_NAME)";
				SKIP_INSTALL = YES;
			};
			name = Debug;
		};
		7FD4FE9D18F22F1B00F2D17A /* Release */ = {
			isa = XCBuildConfiguration;
			buildSettings = {
				DSTROOT = /tmp/ParseSync.dst;
				FRAMEWORK_SEARCH_PATHS = (
					"$(inherited)",
					"$(PROJECT_DIR)",
					"$(DEVELOPER_FRAMEWORKS_DIR)",
					"$(PROJECT_DIR)/ParseSyncExample",
				);
				GCC_PRECOMPILE_PREFIX_HEADER = YES;
				GCC_PREFIX_HEADER = "ParseSync/ParseSync-Prefix.pch";
				LIBRARY_SEARCH_PATHS = (
					"$(inherited)",
					"$(PROJECT_DIR)/build/Debug-iphoneos",
				);
				OTHER_LDFLAGS = "-ObjC";
				PRODUCT_NAME = "$(TARGET_NAME)";
				SKIP_INSTALL = YES;
			};
			name = Release;
		};
		7FD4FE9F18F22F1B00F2D17A /* Debug */ = {
			isa = XCBuildConfiguration;
			buildSettings = {
				FRAMEWORK_SEARCH_PATHS = (
					"$(SDKROOT)/Developer/Library/Frameworks",
					"$(inherited)",
					"$(DEVELOPER_FRAMEWORKS_DIR)",
					"$(PROJECT_DIR)/ParseSyncExample",
					"$(PROJECT_DIR)",
				);
				GCC_PRECOMPILE_PREFIX_HEADER = YES;
				GCC_PREFIX_HEADER = "ParseSync/ParseSync-Prefix.pch";
				GCC_PREPROCESSOR_DEFINITIONS = (
					"DEBUG=1",
					"$(inherited)",
				);
				INFOPLIST_FILE = "ParseSyncTests/ParseSyncTests-Info.plist";
				PRODUCT_NAME = "$(TARGET_NAME)";
				WRAPPER_EXTENSION = xctest;
			};
			name = Debug;
		};
		7FD4FEA018F22F1B00F2D17A /* Release */ = {
			isa = XCBuildConfiguration;
			buildSettings = {
				FRAMEWORK_SEARCH_PATHS = (
					"$(SDKROOT)/Developer/Library/Frameworks",
					"$(inherited)",
					"$(DEVELOPER_FRAMEWORKS_DIR)",
					"$(PROJECT_DIR)/ParseSyncExample",
					"$(PROJECT_DIR)",
				);
				GCC_PRECOMPILE_PREFIX_HEADER = YES;
				GCC_PREFIX_HEADER = "ParseSync/ParseSync-Prefix.pch";
				INFOPLIST_FILE = "ParseSyncTests/ParseSyncTests-Info.plist";
				PRODUCT_NAME = "$(TARGET_NAME)";
				WRAPPER_EXTENSION = xctest;
			};
			name = Release;
		};
/* End XCBuildConfiguration section */

/* Begin XCConfigurationList section */
		7FD4FE7318F22F1B00F2D17A /* Build configuration list for PBXProject "ParseSync" */ = {
			isa = XCConfigurationList;
			buildConfigurations = (
				7FD4FE9918F22F1B00F2D17A /* Debug */,
				7FD4FE9A18F22F1B00F2D17A /* Release */,
			);
			defaultConfigurationIsVisible = 0;
			defaultConfigurationName = Release;
		};
		7FD4FE9B18F22F1B00F2D17A /* Build configuration list for PBXNativeTarget "ParseSync" */ = {
			isa = XCConfigurationList;
			buildConfigurations = (
				7FD4FE9C18F22F1B00F2D17A /* Debug */,
				7FD4FE9D18F22F1B00F2D17A /* Release */,
			);
			defaultConfigurationIsVisible = 0;
			defaultConfigurationName = Release;
		};
		7FD4FE9E18F22F1B00F2D17A /* Build configuration list for PBXNativeTarget "ParseSyncTests" */ = {
			isa = XCConfigurationList;
			buildConfigurations = (
				7FD4FE9F18F22F1B00F2D17A /* Debug */,
				7FD4FEA018F22F1B00F2D17A /* Release */,
			);
			defaultConfigurationIsVisible = 0;
			defaultConfigurationName = Release;
		};
/* End XCConfigurationList section */

/* Begin XCVersionGroup section */
		7FE649CC190E1B5F00AF74B8 /* ParseSyncTest.xcdatamodeld */ = {
			isa = XCVersionGroup;
			children = (
				7FE649CD190E1B5F00AF74B8 /* ParseSyncTest.xcdatamodel */,
			);
			currentVersion = 7FE649CD190E1B5F00AF74B8 /* ParseSyncTest.xcdatamodel */;
			path = ParseSyncTest.xcdatamodeld;
			sourceTree = "<group>";
			versionGroupType = wrapper.xcdatamodel;
		};
/* End XCVersionGroup section */
	};
	rootObject = 7FD4FE7018F22F1B00F2D17A /* Project object */;
}
