// !$*UTF8*$!
{
	archiveVersion = 1;
	classes = {
	};
	objectVersion = 46;
	objects = {

/* Begin PBXBuildFile section */
		7F0F3D0319067A1C000525E7 /* Classroom.m in Sources */ = {isa = PBXBuildFile; fileRef = 7F0F3D0219067A1C000525E7 /* Classroom.m */; };
		7F0F3D0619067A1D000525E7 /* Student.m in Sources */ = {isa = PBXBuildFile; fileRef = 7F0F3D0519067A1D000525E7 /* Student.m */; };
		7F1C3B281905403C008C3B9A /* CFNetwork.framework in Frameworks */ = {isa = PBXBuildFile; fileRef = 7F1C3B271905403C008C3B9A /* CFNetwork.framework */; };
		7F1C3B2A19054061008C3B9A /* SystemConfiguration.framework in Frameworks */ = {isa = PBXBuildFile; fileRef = 7F1C3B2919054061008C3B9A /* SystemConfiguration.framework */; };
		7F1C3B2C19054066008C3B9A /* Security.framework in Frameworks */ = {isa = PBXBuildFile; fileRef = 7F1C3B2B19054066008C3B9A /* Security.framework */; };
		7F1C3B2E1905407F008C3B9A /* MobileCoreServices.framework in Frameworks */ = {isa = PBXBuildFile; fileRef = 7F1C3B2D1905407F008C3B9A /* MobileCoreServices.framework */; };
		7F5464F2190E17BF00952AB2 /* MobileCoreServices.framework in Frameworks */ = {isa = PBXBuildFile; fileRef = 7F1C3B2D1905407F008C3B9A /* MobileCoreServices.framework */; };
		7F5464F3190E17BF00952AB2 /* Security.framework in Frameworks */ = {isa = PBXBuildFile; fileRef = 7F1C3B2B19054066008C3B9A /* Security.framework */; };
		7F5464F4190E17BF00952AB2 /* SystemConfiguration.framework in Frameworks */ = {isa = PBXBuildFile; fileRef = 7F1C3B2919054061008C3B9A /* SystemConfiguration.framework */; };
		7F5464F5190E17BF00952AB2 /* CFNetwork.framework in Frameworks */ = {isa = PBXBuildFile; fileRef = 7F1C3B271905403C008C3B9A /* CFNetwork.framework */; };
		7F5464F6190E17BF00952AB2 /* Parse.framework in Frameworks */ = {isa = PBXBuildFile; fileRef = 7FD0E53218F3A54A0039928D /* Parse.framework */; };
		7F5464F7190E17BF00952AB2 /* libParseSync.a in Frameworks */ = {isa = PBXBuildFile; fileRef = 7FD4FEF618F230FF00F2D17A /* libParseSync.a */; };
		7F5464F8190E17BF00952AB2 /* CoreGraphics.framework in Frameworks */ = {isa = PBXBuildFile; fileRef = 7FD4FEB118F230E300F2D17A /* CoreGraphics.framework */; };
		7F5464FA190E17FA00952AB2 /* TKParseSyncTestBase.m in Sources */ = {isa = PBXBuildFile; fileRef = 7F5464F9190E17FA00952AB2 /* TKParseSyncTestBase.m */; };
		7FD0E53318F3A54A0039928D /* Parse.framework in Frameworks */ = {isa = PBXBuildFile; fileRef = 7FD0E53218F3A54A0039928D /* Parse.framework */; };
		7FD4FEB018F230E300F2D17A /* Foundation.framework in Frameworks */ = {isa = PBXBuildFile; fileRef = 7FD4FEAF18F230E300F2D17A /* Foundation.framework */; };
		7FD4FEB218F230E300F2D17A /* CoreGraphics.framework in Frameworks */ = {isa = PBXBuildFile; fileRef = 7FD4FEB118F230E300F2D17A /* CoreGraphics.framework */; };
		7FD4FEB418F230E300F2D17A /* UIKit.framework in Frameworks */ = {isa = PBXBuildFile; fileRef = 7FD4FEB318F230E300F2D17A /* UIKit.framework */; };
		7FD4FEB618F230E300F2D17A /* CoreData.framework in Frameworks */ = {isa = PBXBuildFile; fileRef = 7FD4FEB518F230E300F2D17A /* CoreData.framework */; };
		7FD4FEBC18F230E300F2D17A /* InfoPlist.strings in Resources */ = {isa = PBXBuildFile; fileRef = 7FD4FEBA18F230E300F2D17A /* InfoPlist.strings */; };
		7FD4FEBE18F230E300F2D17A /* main.m in Sources */ = {isa = PBXBuildFile; fileRef = 7FD4FEBD18F230E300F2D17A /* main.m */; };
		7FD4FEC218F230E300F2D17A /* TKAppDelegate.m in Sources */ = {isa = PBXBuildFile; fileRef = 7FD4FEC118F230E300F2D17A /* TKAppDelegate.m */; };
		7FD4FEC518F230E300F2D17A /* Main.storyboard in Resources */ = {isa = PBXBuildFile; fileRef = 7FD4FEC318F230E300F2D17A /* Main.storyboard */; };
		7FD4FEC818F230E300F2D17A /* ParseSyncExample.xcdatamodeld in Sources */ = {isa = PBXBuildFile; fileRef = 7FD4FEC618F230E300F2D17A /* ParseSyncExample.xcdatamodeld */; };
		7FD4FECB18F230E300F2D17A /* TKMasterViewController.m in Sources */ = {isa = PBXBuildFile; fileRef = 7FD4FECA18F230E300F2D17A /* TKMasterViewController.m */; };
		7FD4FECE18F230E300F2D17A /* TKDetailViewController.m in Sources */ = {isa = PBXBuildFile; fileRef = 7FD4FECD18F230E300F2D17A /* TKDetailViewController.m */; };
		7FD4FED018F230E300F2D17A /* Images.xcassets in Resources */ = {isa = PBXBuildFile; fileRef = 7FD4FECF18F230E300F2D17A /* Images.xcassets */; };
		7FD4FED718F230E300F2D17A /* XCTest.framework in Frameworks */ = {isa = PBXBuildFile; fileRef = 7FD4FED618F230E300F2D17A /* XCTest.framework */; };
		7FD4FED818F230E300F2D17A /* Foundation.framework in Frameworks */ = {isa = PBXBuildFile; fileRef = 7FD4FEAF18F230E300F2D17A /* Foundation.framework */; };
		7FD4FED918F230E300F2D17A /* UIKit.framework in Frameworks */ = {isa = PBXBuildFile; fileRef = 7FD4FEB318F230E300F2D17A /* UIKit.framework */; };
		7FD4FEDA18F230E300F2D17A /* CoreData.framework in Frameworks */ = {isa = PBXBuildFile; fileRef = 7FD4FEB518F230E300F2D17A /* CoreData.framework */; };
		7FD4FEE218F230E300F2D17A /* InfoPlist.strings in Resources */ = {isa = PBXBuildFile; fileRef = 7FD4FEE018F230E300F2D17A /* InfoPlist.strings */; };
		7FD4FEE418F230E300F2D17A /* ParseSyncExampleTests.m in Sources */ = {isa = PBXBuildFile; fileRef = 7FD4FEE318F230E300F2D17A /* ParseSyncExampleTests.m */; };
		7FD4FEF718F230FF00F2D17A /* libParseSync.a in Frameworks */ = {isa = PBXBuildFile; fileRef = 7FD4FEF618F230FF00F2D17A /* libParseSync.a */; };
/* End PBXBuildFile section */

/* Begin PBXContainerItemProxy section */
		7FD4FEDB18F230E300F2D17A /* PBXContainerItemProxy */ = {
			isa = PBXContainerItemProxy;
			containerPortal = 7FD4FEA418F230E300F2D17A /* Project object */;
			proxyType = 1;
			remoteGlobalIDString = 7FD4FEAB18F230E300F2D17A;
			remoteInfo = ParseSyncExample;
		};
/* End PBXContainerItemProxy section */

/* Begin PBXFileReference section */
		7F0F3D0119067A1C000525E7 /* Classroom.h */ = {isa = PBXFileReference; fileEncoding = 4; lastKnownFileType = sourcecode.c.h; path = Classroom.h; sourceTree = "<group>"; };
		7F0F3D0219067A1C000525E7 /* Classroom.m */ = {isa = PBXFileReference; fileEncoding = 4; lastKnownFileType = sourcecode.c.objc; path = Classroom.m; sourceTree = "<group>"; };
		7F0F3D0419067A1D000525E7 /* Student.h */ = {isa = PBXFileReference; fileEncoding = 4; lastKnownFileType = sourcecode.c.h; path = Student.h; sourceTree = "<group>"; };
		7F0F3D0519067A1D000525E7 /* Student.m */ = {isa = PBXFileReference; fileEncoding = 4; lastKnownFileType = sourcecode.c.objc; path = Student.m; sourceTree = "<group>"; };
		7F1C3B271905403C008C3B9A /* CFNetwork.framework */ = {isa = PBXFileReference; lastKnownFileType = wrapper.framework; name = CFNetwork.framework; path = System/Library/Frameworks/CFNetwork.framework; sourceTree = SDKROOT; };
		7F1C3B2919054061008C3B9A /* SystemConfiguration.framework */ = {isa = PBXFileReference; lastKnownFileType = wrapper.framework; name = SystemConfiguration.framework; path = System/Library/Frameworks/SystemConfiguration.framework; sourceTree = SDKROOT; };
		7F1C3B2B19054066008C3B9A /* Security.framework */ = {isa = PBXFileReference; lastKnownFileType = wrapper.framework; name = Security.framework; path = System/Library/Frameworks/Security.framework; sourceTree = SDKROOT; };
		7F1C3B2D1905407F008C3B9A /* MobileCoreServices.framework */ = {isa = PBXFileReference; lastKnownFileType = wrapper.framework; name = MobileCoreServices.framework; path = System/Library/Frameworks/MobileCoreServices.framework; sourceTree = SDKROOT; };
		7F5464F9190E17FA00952AB2 /* TKParseSyncTestBase.m */ = {isa = PBXFileReference; fileEncoding = 4; lastKnownFileType = sourcecode.c.objc; path = TKParseSyncTestBase.m; sourceTree = "<group>"; };
		7FD0E53218F3A54A0039928D /* Parse.framework */ = {isa = PBXFileReference; lastKnownFileType = wrapper.framework; path = Parse.framework; sourceTree = "<group>"; };
		7FD4FEAC18F230E300F2D17A /* ParseSyncExample.app */ = {isa = PBXFileReference; explicitFileType = wrapper.application; includeInIndex = 0; path = ParseSyncExample.app; sourceTree = BUILT_PRODUCTS_DIR; };
		7FD4FEAF18F230E300F2D17A /* Foundation.framework */ = {isa = PBXFileReference; lastKnownFileType = wrapper.framework; name = Foundation.framework; path = System/Library/Frameworks/Foundation.framework; sourceTree = SDKROOT; };
		7FD4FEB118F230E300F2D17A /* CoreGraphics.framework */ = {isa = PBXFileReference; lastKnownFileType = wrapper.framework; name = CoreGraphics.framework; path = System/Library/Frameworks/CoreGraphics.framework; sourceTree = SDKROOT; };
		7FD4FEB318F230E300F2D17A /* UIKit.framework */ = {isa = PBXFileReference; lastKnownFileType = wrapper.framework; name = UIKit.framework; path = System/Library/Frameworks/UIKit.framework; sourceTree = SDKROOT; };
		7FD4FEB518F230E300F2D17A /* CoreData.framework */ = {isa = PBXFileReference; lastKnownFileType = wrapper.framework; name = CoreData.framework; path = System/Library/Frameworks/CoreData.framework; sourceTree = SDKROOT; };
		7FD4FEB918F230E300F2D17A /* ParseSyncExample-Info.plist */ = {isa = PBXFileReference; lastKnownFileType = text.plist.xml; path = "ParseSyncExample-Info.plist"; sourceTree = "<group>"; };
		7FD4FEBB18F230E300F2D17A /* en */ = {isa = PBXFileReference; lastKnownFileType = text.plist.strings; name = en; path = en.lproj/InfoPlist.strings; sourceTree = "<group>"; };
		7FD4FEBD18F230E300F2D17A /* main.m */ = {isa = PBXFileReference; lastKnownFileType = sourcecode.c.objc; path = main.m; sourceTree = "<group>"; };
		7FD4FEBF18F230E300F2D17A /* ParseSyncExample-Prefix.pch */ = {isa = PBXFileReference; lastKnownFileType = sourcecode.c.h; path = "ParseSyncExample-Prefix.pch"; sourceTree = "<group>"; };
		7FD4FEC018F230E300F2D17A /* TKAppDelegate.h */ = {isa = PBXFileReference; lastKnownFileType = sourcecode.c.h; path = TKAppDelegate.h; sourceTree = "<group>"; };
		7FD4FEC118F230E300F2D17A /* TKAppDelegate.m */ = {isa = PBXFileReference; lastKnownFileType = sourcecode.c.objc; path = TKAppDelegate.m; sourceTree = "<group>"; };
		7FD4FEC418F230E300F2D17A /* Base */ = {isa = PBXFileReference; lastKnownFileType = file.storyboard; name = Base; path = Base.lproj/Main.storyboard; sourceTree = "<group>"; };
		7FD4FEC718F230E300F2D17A /* ParseSyncExample.xcdatamodel */ = {isa = PBXFileReference; lastKnownFileType = wrapper.xcdatamodel; path = ParseSyncExample.xcdatamodel; sourceTree = "<group>"; };
		7FD4FEC918F230E300F2D17A /* TKMasterViewController.h */ = {isa = PBXFileReference; lastKnownFileType = sourcecode.c.h; path = TKMasterViewController.h; sourceTree = "<group>"; };
		7FD4FECA18F230E300F2D17A /* TKMasterViewController.m */ = {isa = PBXFileReference; lastKnownFileType = sourcecode.c.objc; path = TKMasterViewController.m; sourceTree = "<group>"; };
		7FD4FECC18F230E300F2D17A /* TKDetailViewController.h */ = {isa = PBXFileReference; lastKnownFileType = sourcecode.c.h; path = TKDetailViewController.h; sourceTree = "<group>"; };
		7FD4FECD18F230E300F2D17A /* TKDetailViewController.m */ = {isa = PBXFileReference; lastKnownFileType = sourcecode.c.objc; path = TKDetailViewController.m; sourceTree = "<group>"; };
		7FD4FECF18F230E300F2D17A /* Images.xcassets */ = {isa = PBXFileReference; lastKnownFileType = folder.assetcatalog; path = Images.xcassets; sourceTree = "<group>"; };
		7FD4FED518F230E300F2D17A /* ParseSyncExampleTests.xctest */ = {isa = PBXFileReference; explicitFileType = wrapper.cfbundle; includeInIndex = 0; path = ParseSyncExampleTests.xctest; sourceTree = BUILT_PRODUCTS_DIR; };
		7FD4FED618F230E300F2D17A /* XCTest.framework */ = {isa = PBXFileReference; lastKnownFileType = wrapper.framework; name = XCTest.framework; path = Library/Frameworks/XCTest.framework; sourceTree = DEVELOPER_DIR; };
		7FD4FEDF18F230E300F2D17A /* ParseSyncExampleTests-Info.plist */ = {isa = PBXFileReference; lastKnownFileType = text.plist.xml; path = "ParseSyncExampleTests-Info.plist"; sourceTree = "<group>"; };
		7FD4FEE118F230E300F2D17A /* en */ = {isa = PBXFileReference; lastKnownFileType = text.plist.strings; name = en; path = en.lproj/InfoPlist.strings; sourceTree = "<group>"; };
		7FD4FEE318F230E300F2D17A /* ParseSyncExampleTests.m */ = {isa = PBXFileReference; lastKnownFileType = sourcecode.c.objc; path = ParseSyncExampleTests.m; sourceTree = "<group>"; };
		7FD4FEF618F230FF00F2D17A /* libParseSync.a */ = {isa = PBXFileReference; lastKnownFileType = archive.ar; name = libParseSync.a; path = "../build/Debug-iphoneos/libParseSync.a"; sourceTree = "<group>"; };
/* End PBXFileReference section */

/* Begin PBXFrameworksBuildPhase section */
		7FD4FEA918F230E300F2D17A /* Frameworks */ = {
			isa = PBXFrameworksBuildPhase;
			buildActionMask = 2147483647;
			files = (
				7F1C3B2E1905407F008C3B9A /* MobileCoreServices.framework in Frameworks */,
				7F1C3B2C19054066008C3B9A /* Security.framework in Frameworks */,
				7F1C3B2A19054061008C3B9A /* SystemConfiguration.framework in Frameworks */,
				7F1C3B281905403C008C3B9A /* CFNetwork.framework in Frameworks */,
				7FD4FEF718F230FF00F2D17A /* libParseSync.a in Frameworks */,
				7FD4FEB218F230E300F2D17A /* CoreGraphics.framework in Frameworks */,
				7FD4FEB618F230E300F2D17A /* CoreData.framework in Frameworks */,
				7FD4FEB418F230E300F2D17A /* UIKit.framework in Frameworks */,
				7FD0E53318F3A54A0039928D /* Parse.framework in Frameworks */,
				7FD4FEB018F230E300F2D17A /* Foundation.framework in Frameworks */,
			);
			runOnlyForDeploymentPostprocessing = 0;
		};
		7FD4FED218F230E300F2D17A /* Frameworks */ = {
			isa = PBXFrameworksBuildPhase;
			buildActionMask = 2147483647;
			files = (
				7F5464F2190E17BF00952AB2 /* MobileCoreServices.framework in Frameworks */,
				7F5464F3190E17BF00952AB2 /* Security.framework in Frameworks */,
				7F5464F4190E17BF00952AB2 /* SystemConfiguration.framework in Frameworks */,
				7F5464F5190E17BF00952AB2 /* CFNetwork.framework in Frameworks */,
				7F5464F6190E17BF00952AB2 /* Parse.framework in Frameworks */,
				7F5464F7190E17BF00952AB2 /* libParseSync.a in Frameworks */,
				7FD4FED818F230E300F2D17A /* Foundation.framework in Frameworks */,
				7F5464F8190E17BF00952AB2 /* CoreGraphics.framework in Frameworks */,
				7FD4FED918F230E300F2D17A /* UIKit.framework in Frameworks */,
				7FD4FEDA18F230E300F2D17A /* CoreData.framework in Frameworks */,
				7FD4FED718F230E300F2D17A /* XCTest.framework in Frameworks */,
			);
			runOnlyForDeploymentPostprocessing = 0;
		};
/* End PBXFrameworksBuildPhase section */

/* Begin PBXGroup section */
		7FD4FEA318F230E300F2D17A = {
			isa = PBXGroup;
			children = (
				7FD4FEB718F230E300F2D17A /* ParseSyncExample */,
				7FD4FEDD18F230E300F2D17A /* ParseSyncExampleTests */,
				7FD4FEAE18F230E300F2D17A /* Frameworks */,
				7FD4FEAD18F230E300F2D17A /* Products */,
			);
			sourceTree = "<group>";
		};
		7FD4FEAD18F230E300F2D17A /* Products */ = {
			isa = PBXGroup;
			children = (
				7FD4FEAC18F230E300F2D17A /* ParseSyncExample.app */,
				7FD4FED518F230E300F2D17A /* ParseSyncExampleTests.xctest */,
			);
			name = Products;
			sourceTree = "<group>";
		};
		7FD4FEAE18F230E300F2D17A /* Frameworks */ = {
			isa = PBXGroup;
			children = (
				7F1C3B2D1905407F008C3B9A /* MobileCoreServices.framework */,
				7F1C3B2B19054066008C3B9A /* Security.framework */,
				7F1C3B2919054061008C3B9A /* SystemConfiguration.framework */,
				7F1C3B271905403C008C3B9A /* CFNetwork.framework */,
				7FD0E53218F3A54A0039928D /* Parse.framework */,
				7FD4FEF618F230FF00F2D17A /* libParseSync.a */,
				7FD4FEAF18F230E300F2D17A /* Foundation.framework */,
				7FD4FEB118F230E300F2D17A /* CoreGraphics.framework */,
				7FD4FEB318F230E300F2D17A /* UIKit.framework */,
				7FD4FEB518F230E300F2D17A /* CoreData.framework */,
				7FD4FED618F230E300F2D17A /* XCTest.framework */,
			);
			name = Frameworks;
			sourceTree = "<group>";
		};
		7FD4FEB718F230E300F2D17A /* ParseSyncExample */ = {
			isa = PBXGroup;
			children = (
				7FD4FEC018F230E300F2D17A /* TKAppDelegate.h */,
				7FD4FEC118F230E300F2D17A /* TKAppDelegate.m */,
				7FD4FEC318F230E300F2D17A /* Main.storyboard */,
				7FD4FEC918F230E300F2D17A /* TKMasterViewController.h */,
				7FD4FECA18F230E300F2D17A /* TKMasterViewController.m */,
				7FD4FECC18F230E300F2D17A /* TKDetailViewController.h */,
				7FD4FECD18F230E300F2D17A /* TKDetailViewController.m */,
				7FD4FECF18F230E300F2D17A /* Images.xcassets */,
				7FD4FEC618F230E300F2D17A /* ParseSyncExample.xcdatamodeld */,
				7F0F3D0419067A1D000525E7 /* Student.h */,
				7F0F3D0519067A1D000525E7 /* Student.m */,
				7F0F3D0119067A1C000525E7 /* Classroom.h */,
				7F0F3D0219067A1C000525E7 /* Classroom.m */,
				7FD4FEB818F230E300F2D17A /* Supporting Files */,
			);
			path = ParseSyncExample;
			sourceTree = "<group>";
		};
		7FD4FEB818F230E300F2D17A /* Supporting Files */ = {
			isa = PBXGroup;
			children = (
				7FD4FEB918F230E300F2D17A /* ParseSyncExample-Info.plist */,
				7FD4FEBA18F230E300F2D17A /* InfoPlist.strings */,
				7FD4FEBD18F230E300F2D17A /* main.m */,
				7FD4FEBF18F230E300F2D17A /* ParseSyncExample-Prefix.pch */,
			);
			name = "Supporting Files";
			sourceTree = "<group>";
		};
		7FD4FEDD18F230E300F2D17A /* ParseSyncExampleTests */ = {
			isa = PBXGroup;
			children = (
				7F5464F9190E17FA00952AB2 /* TKParseSyncTestBase.m */,
				7FD4FEE318F230E300F2D17A /* ParseSyncExampleTests.m */,
				7FD4FEDE18F230E300F2D17A /* Supporting Files */,
			);
			path = ParseSyncExampleTests;
			sourceTree = "<group>";
		};
		7FD4FEDE18F230E300F2D17A /* Supporting Files */ = {
			isa = PBXGroup;
			children = (
				7FD4FEDF18F230E300F2D17A /* ParseSyncExampleTests-Info.plist */,
				7FD4FEE018F230E300F2D17A /* InfoPlist.strings */,
			);
			name = "Supporting Files";
			sourceTree = "<group>";
		};
/* End PBXGroup section */

/* Begin PBXNativeTarget section */
		7FD4FEAB18F230E300F2D17A /* ParseSyncExample */ = {
			isa = PBXNativeTarget;
			buildConfigurationList = 7FD4FEE718F230E300F2D17A /* Build configuration list for PBXNativeTarget "ParseSyncExample" */;
			buildPhases = (
				7FD4FEA818F230E300F2D17A /* Sources */,
				7FD4FEA918F230E300F2D17A /* Frameworks */,
				7FD4FEAA18F230E300F2D17A /* Resources */,
			);
			buildRules = (
			);
			dependencies = (
			);
			name = ParseSyncExample;
			productName = ParseSyncExample;
			productReference = 7FD4FEAC18F230E300F2D17A /* ParseSyncExample.app */;
			productType = "com.apple.product-type.application";
		};
		7FD4FED418F230E300F2D17A /* ParseSyncExampleTests */ = {
			isa = PBXNativeTarget;
			buildConfigurationList = 7FD4FEEA18F230E300F2D17A /* Build configuration list for PBXNativeTarget "ParseSyncExampleTests" */;
			buildPhases = (
				7FD4FED118F230E300F2D17A /* Sources */,
				7FD4FED218F230E300F2D17A /* Frameworks */,
				7FD4FED318F230E300F2D17A /* Resources */,
			);
			buildRules = (
			);
			dependencies = (
				7FD4FEDC18F230E300F2D17A /* PBXTargetDependency */,
			);
			name = ParseSyncExampleTests;
			productName = ParseSyncExampleTests;
			productReference = 7FD4FED518F230E300F2D17A /* ParseSyncExampleTests.xctest */;
			productType = "com.apple.product-type.bundle.unit-test";
		};
/* End PBXNativeTarget section */

/* Begin PBXProject section */
		7FD4FEA418F230E300F2D17A /* Project object */ = {
			isa = PBXProject;
			attributes = {
				CLASSPREFIX = TK;
				LastUpgradeCheck = 0510;
				ORGANIZATIONNAME = Inovaton;
				TargetAttributes = {
					7FD4FED418F230E300F2D17A = {
						TestTargetID = 7FD4FEAB18F230E300F2D17A;
					};
				};
			};
			buildConfigurationList = 7FD4FEA718F230E300F2D17A /* Build configuration list for PBXProject "ParseSyncExample" */;
			compatibilityVersion = "Xcode 3.2";
			developmentRegion = English;
			hasScannedForEncodings = 0;
			knownRegions = (
				en,
				Base,
			);
			mainGroup = 7FD4FEA318F230E300F2D17A;
			productRefGroup = 7FD4FEAD18F230E300F2D17A /* Products */;
			projectDirPath = "";
			projectRoot = "";
			targets = (
				7FD4FEAB18F230E300F2D17A /* ParseSyncExample */,
				7FD4FED418F230E300F2D17A /* ParseSyncExampleTests */,
			);
		};
/* End PBXProject section */

/* Begin PBXResourcesBuildPhase section */
		7FD4FEAA18F230E300F2D17A /* Resources */ = {
			isa = PBXResourcesBuildPhase;
			buildActionMask = 2147483647;
			files = (
				7FD4FED018F230E300F2D17A /* Images.xcassets in Resources */,
				7FD4FEBC18F230E300F2D17A /* InfoPlist.strings in Resources */,
				7FD4FEC518F230E300F2D17A /* Main.storyboard in Resources */,
			);
			runOnlyForDeploymentPostprocessing = 0;
		};
		7FD4FED318F230E300F2D17A /* Resources */ = {
			isa = PBXResourcesBuildPhase;
			buildActionMask = 2147483647;
			files = (
				7FD4FEE218F230E300F2D17A /* InfoPlist.strings in Resources */,
			);
			runOnlyForDeploymentPostprocessing = 0;
		};
/* End PBXResourcesBuildPhase section */

/* Begin PBXSourcesBuildPhase section */
		7FD4FEA818F230E300F2D17A /* Sources */ = {
			isa = PBXSourcesBuildPhase;
			buildActionMask = 2147483647;
			files = (
				7F0F3D0619067A1D000525E7 /* Student.m in Sources */,
				7FD4FEBE18F230E300F2D17A /* main.m in Sources */,
				7FD4FECB18F230E300F2D17A /* TKMasterViewController.m in Sources */,
				7FD4FEC218F230E300F2D17A /* TKAppDelegate.m in Sources */,
				7F0F3D0319067A1C000525E7 /* Classroom.m in Sources */,
				7FD4FEC818F230E300F2D17A /* ParseSyncExample.xcdatamodeld in Sources */,
				7FD4FECE18F230E300F2D17A /* TKDetailViewController.m in Sources */,
			);
			runOnlyForDeploymentPostprocessing = 0;
		};
		7FD4FED118F230E300F2D17A /* Sources */ = {
			isa = PBXSourcesBuildPhase;
			buildActionMask = 2147483647;
			files = (
				7F5464FA190E17FA00952AB2 /* TKParseSyncTestBase.m in Sources */,
				7FD4FEE418F230E300F2D17A /* ParseSyncExampleTests.m in Sources */,
			);
			runOnlyForDeploymentPostprocessing = 0;
		};
/* End PBXSourcesBuildPhase section */

/* Begin PBXTargetDependency section */
		7FD4FEDC18F230E300F2D17A /* PBXTargetDependency */ = {
			isa = PBXTargetDependency;
			target = 7FD4FEAB18F230E300F2D17A /* ParseSyncExample */;
			targetProxy = 7FD4FEDB18F230E300F2D17A /* PBXContainerItemProxy */;
		};
/* End PBXTargetDependency section */

/* Begin PBXVariantGroup section */
		7FD4FEBA18F230E300F2D17A /* InfoPlist.strings */ = {
			isa = PBXVariantGroup;
			children = (
				7FD4FEBB18F230E300F2D17A /* en */,
			);
			name = InfoPlist.strings;
			sourceTree = "<group>";
		};
		7FD4FEC318F230E300F2D17A /* Main.storyboard */ = {
			isa = PBXVariantGroup;
			children = (
				7FD4FEC418F230E300F2D17A /* Base */,
			);
			name = Main.storyboard;
			sourceTree = "<group>";
		};
		7FD4FEE018F230E300F2D17A /* InfoPlist.strings */ = {
			isa = PBXVariantGroup;
			children = (
				7FD4FEE118F230E300F2D17A /* en */,
			);
			name = InfoPlist.strings;
			sourceTree = "<group>";
		};
/* End PBXVariantGroup section */

/* Begin XCBuildConfiguration section */
		7FD4FEE518F230E300F2D17A /* Debug */ = {
			isa = XCBuildConfiguration;
			buildSettings = {
				ALWAYS_SEARCH_USER_PATHS = NO;
				CLANG_CXX_LANGUAGE_STANDARD = "gnu++0x";
				CLANG_CXX_LIBRARY = "libc++";
				CLANG_ENABLE_MODULES = YES;
				CLANG_ENABLE_OBJC_ARC = YES;
				CLANG_WARN_BOOL_CONVERSION = YES;
				CLANG_WARN_CONSTANT_CONVERSION = YES;
				CLANG_WARN_DIRECT_OBJC_ISA_USAGE = YES_ERROR;
				CLANG_WARN_EMPTY_BODY = YES;
				CLANG_WARN_ENUM_CONVERSION = YES;
				CLANG_WARN_INT_CONVERSION = YES;
				CLANG_WARN_OBJC_ROOT_CLASS = YES_ERROR;
				CLANG_WARN__DUPLICATE_METHOD_MATCH = YES;
				"CODE_SIGN_IDENTITY[sdk=iphoneos*]" = "iPhone Developer";
				COPY_PHASE_STRIP = NO;
				GCC_C_LANGUAGE_STANDARD = gnu99;
				GCC_DYNAMIC_NO_PIC = NO;
				GCC_OPTIMIZATION_LEVEL = 0;
				GCC_PREPROCESSOR_DEFINITIONS = (
					"DEBUG=1",
					"$(inherited)",
				);
				GCC_SYMBOLS_PRIVATE_EXTERN = NO;
				GCC_WARN_64_TO_32_BIT_CONVERSION = YES;
				GCC_WARN_ABOUT_RETURN_TYPE = YES_ERROR;
				GCC_WARN_UNDECLARED_SELECTOR = YES;
				GCC_WARN_UNINITIALIZED_AUTOS = YES_AGGRESSIVE;
				GCC_WARN_UNUSED_FUNCTION = YES;
				GCC_WARN_UNUSED_VARIABLE = YES;
				IPHONEOS_DEPLOYMENT_TARGET = 7.1;
				ONLY_ACTIVE_ARCH = YES;
				SDKROOT = iphoneos;
			};
			name = Debug;
		};
		7FD4FEE618F230E300F2D17A /* Release */ = {
			isa = XCBuildConfiguration;
			buildSettings = {
				ALWAYS_SEARCH_USER_PATHS = NO;
				CLANG_CXX_LANGUAGE_STANDARD = "gnu++0x";
				CLANG_CXX_LIBRARY = "libc++";
				CLANG_ENABLE_MODULES = YES;
				CLANG_ENABLE_OBJC_ARC = YES;
				CLANG_WARN_BOOL_CONVERSION = YES;
				CLANG_WARN_CONSTANT_CONVERSION = YES;
				CLANG_WARN_DIRECT_OBJC_ISA_USAGE = YES_ERROR;
				CLANG_WARN_EMPTY_BODY = YES;
				CLANG_WARN_ENUM_CONVERSION = YES;
				CLANG_WARN_INT_CONVERSION = YES;
				CLANG_WARN_OBJC_ROOT_CLASS = YES_ERROR;
				CLANG_WARN__DUPLICATE_METHOD_MATCH = YES;
				"CODE_SIGN_IDENTITY[sdk=iphoneos*]" = "iPhone Developer";
				COPY_PHASE_STRIP = YES;
				ENABLE_NS_ASSERTIONS = NO;
				GCC_C_LANGUAGE_STANDARD = gnu99;
				GCC_WARN_64_TO_32_BIT_CONVERSION = YES;
				GCC_WARN_ABOUT_RETURN_TYPE = YES_ERROR;
				GCC_WARN_UNDECLARED_SELECTOR = YES;
				GCC_WARN_UNINITIALIZED_AUTOS = YES_AGGRESSIVE;
				GCC_WARN_UNUSED_FUNCTION = YES;
				GCC_WARN_UNUSED_VARIABLE = YES;
				IPHONEOS_DEPLOYMENT_TARGET = 7.1;
				SDKROOT = iphoneos;
				VALIDATE_PRODUCT = YES;
			};
			name = Release;
		};
		7FD4FEE818F230E300F2D17A /* Debug */ = {
			isa = XCBuildConfiguration;
			buildSettings = {
				ASSETCATALOG_COMPILER_APPICON_NAME = AppIcon;
				ASSETCATALOG_COMPILER_LAUNCHIMAGE_NAME = LaunchImage;
				FRAMEWORK_SEARCH_PATHS = (
					"$(inherited)",
					"$(PROJECT_DIR)",
				);
				GCC_PRECOMPILE_PREFIX_HEADER = YES;
				GCC_PREFIX_HEADER = "ParseSyncExample/ParseSyncExample-Prefix.pch";
				INFOPLIST_FILE = "ParseSyncExample/ParseSyncExample-Info.plist";
				LIBRARY_SEARCH_PATHS = (
					"$(inherited)",
					"/Users/ramymedhat/ParseSync/ParseSync/build/Debug-iphoneos",
				);
				PRODUCT_NAME = "$(TARGET_NAME)";
				WRAPPER_EXTENSION = app;
			};
			name = Debug;
		};
		7FD4FEE918F230E300F2D17A /* Release */ = {
			isa = XCBuildConfiguration;
			buildSettings = {
				ASSETCATALOG_COMPILER_APPICON_NAME = AppIcon;
				ASSETCATALOG_COMPILER_LAUNCHIMAGE_NAME = LaunchImage;
				FRAMEWORK_SEARCH_PATHS = (
					"$(inherited)",
					"$(PROJECT_DIR)",
				);
				GCC_PRECOMPILE_PREFIX_HEADER = YES;
				GCC_PREFIX_HEADER = "ParseSyncExample/ParseSyncExample-Prefix.pch";
				INFOPLIST_FILE = "ParseSyncExample/ParseSyncExample-Info.plist";
				LIBRARY_SEARCH_PATHS = (
					"$(inherited)",
					"/Users/ramymedhat/ParseSync/ParseSync/build/Debug-iphoneos",
				);
				PRODUCT_NAME = "$(TARGET_NAME)";
				WRAPPER_EXTENSION = app;
			};
			name = Release;
		};
		7FD4FEEB18F230E300F2D17A /* Debug */ = {
			isa = XCBuildConfiguration;
			buildSettings = {
				BUNDLE_LOADER = "$(BUILT_PRODUCTS_DIR)/ParseSyncExample.app/ParseSyncExample";
				FRAMEWORK_SEARCH_PATHS = (
					"$(SDKROOT)/Developer/Library/Frameworks",
					"$(inherited)",
					"$(DEVELOPER_FRAMEWORKS_DIR)",
					"$(PROJECT_DIR)",
				);
				GCC_PRECOMPILE_PREFIX_HEADER = YES;
				GCC_PREFIX_HEADER = "ParseSyncExample/ParseSyncExample-Prefix.pch";
				GCC_PREPROCESSOR_DEFINITIONS = (
					"DEBUG=1",
					"$(inherited)",
				);
				INFOPLIST_FILE = "ParseSyncExampleTests/ParseSyncExampleTests-Info.plist";
				LIBRARY_SEARCH_PATHS = (
					"$(inherited)",
					"/Users/ramymedhat/ParseSync/ParseSync/build/Debug-iphoneos",
				);
				PRODUCT_NAME = "$(TARGET_NAME)";
				TEST_HOST = "$(BUNDLE_LOADER)";
				WRAPPER_EXTENSION = xctest;
			};
			name = Debug;
		};
		7FD4FEEC18F230E300F2D17A /* Release */ = {
			isa = XCBuildConfiguration;
			buildSettings = {
				BUNDLE_LOADER = "$(BUILT_PRODUCTS_DIR)/ParseSyncExample.app/ParseSyncExample";
				FRAMEWORK_SEARCH_PATHS = (
					"$(SDKROOT)/Developer/Library/Frameworks",
					"$(inherited)",
					"$(DEVELOPER_FRAMEWORKS_DIR)",
					"$(PROJECT_DIR)",
				);
				GCC_PRECOMPILE_PREFIX_HEADER = YES;
				GCC_PREFIX_HEADER = "ParseSyncExample/ParseSyncExample-Prefix.pch";
				INFOPLIST_FILE = "ParseSyncExampleTests/ParseSyncExampleTests-Info.plist";
				LIBRARY_SEARCH_PATHS = (
					"$(inherited)",
					"/Users/ramymedhat/ParseSync/ParseSync/build/Debug-iphoneos",
				);
				PRODUCT_NAME = "$(TARGET_NAME)";
				TEST_HOST = "$(BUNDLE_LOADER)";
				WRAPPER_EXTENSION = xctest;
			};
			name = Release;
		};
/* End XCBuildConfiguration section */

/* Begin XCConfigurationList section */
		7FD4FEA718F230E300F2D17A /* Build configuration list for PBXProject "ParseSyncExample" */ = {
			isa = XCConfigurationList;
			buildConfigurations = (
				7FD4FEE518F230E300F2D17A /* Debug */,
				7FD4FEE618F230E300F2D17A /* Release */,
			);
			defaultConfigurationIsVisible = 0;
			defaultConfigurationName = Release;
		};
		7FD4FEE718F230E300F2D17A /* Build configuration list for PBXNativeTarget "ParseSyncExample" */ = {
			isa = XCConfigurationList;
			buildConfigurations = (
				7FD4FEE818F230E300F2D17A /* Debug */,
				7FD4FEE918F230E300F2D17A /* Release */,
			);
			defaultConfigurationIsVisible = 0;
			defaultConfigurationName = Release;
		};
		7FD4FEEA18F230E300F2D17A /* Build configuration list for PBXNativeTarget "ParseSyncExampleTests" */ = {
			isa = XCConfigurationList;
			buildConfigurations = (
				7FD4FEEB18F230E300F2D17A /* Debug */,
				7FD4FEEC18F230E300F2D17A /* Release */,
			);
			defaultConfigurationIsVisible = 0;
			defaultConfigurationName = Release;
		};
/* End XCConfigurationList section */

/* Begin XCVersionGroup section */
		7FD4FEC618F230E300F2D17A /* ParseSyncExample.xcdatamodeld */ = {
			isa = XCVersionGroup;
			children = (
				7FD4FEC718F230E300F2D17A /* ParseSyncExample.xcdatamodel */,
			);
			currentVersion = 7FD4FEC718F230E300F2D17A /* ParseSyncExample.xcdatamodel */;
			path = ParseSyncExample.xcdatamodeld;
			sourceTree = "<group>";
			versionGroupType = wrapper.xcdatamodel;
		};
/* End XCVersionGroup section */
	};
	rootObject = 7FD4FEA418F230E300F2D17A /* Project object */;
}
